
Microsoft Visual Studio Solution File, Format Version 12.00
# Visual Studio 15
VisualStudioVersion = 15.0.28307.645
MinimumVisualStudioVersion = 10.0.40219.1
Project("{FAE04EC0-301F-11D3-BF4B-00C04F79EFBC}") = "LegoBlocks", "LegoBlocks\LegoBlocks.csproj", "{423A5F6E-D1EA-4015-9703-3CF175CC61E2}"
EndProject
Project("{FAE04EC0-301F-11D3-BF4B-00C04F79EFBC}") = "RadioactiveBunnies", "RadioactiveBunnies\RadioactiveBunnies.csproj", "{3BB94242-36D7-4894-8E6D-12712BCCD644}"
EndProject
Global
	GlobalSection(SolutionConfigurationPlatforms) = preSolution
		Debug|Any CPU = Debug|Any CPU
		Release|Any CPU = Release|Any CPU
	EndGlobalSection
	GlobalSection(ProjectConfigurationPlatforms) = postSolution
		{423A5F6E-D1EA-4015-9703-3CF175CC61E2}.Debug|Any CPU.ActiveCfg = Debug|Any CPU
		{423A5F6E-D1EA-4015-9703-3CF175CC61E2}.Debug|Any CPU.Build.0 = Debug|Any CPU
		{423A5F6E-D1EA-4015-9703-3CF175CC61E2}.Release|Any CPU.ActiveCfg = Release|Any CPU
		{423A5F6E-D1EA-4015-9703-3CF175CC61E2}.Release|Any CPU.Build.0 = Release|Any CPU
		{3BB94242-36D7-4894-8E6D-12712BCCD644}.Debug|Any CPU.ActiveCfg = Debug|Any CPU
		{3BB94242-36D7-4894-8E6D-12712BCCD644}.Debug|Any CPU.Build.0 = Debug|Any CPU
		{3BB94242-36D7-4894-8E6D-12712BCCD644}.Release|Any CPU.ActiveCfg = Release|Any CPU
		{3BB94242-36D7-4894-8E6D-12712BCCD644}.Release|Any CPU.Build.0 = Release|Any CPU
	EndGlobalSection
	GlobalSection(SolutionProperties) = preSolution
		HideSolutionNode = FALSE
	EndGlobalSection
	GlobalSection(ExtensibilityGlobals) = postSolution
		SolutionGuid = {E0E177DC-E65E-4442-9F33-F6D4DDEEA8D4}
	EndGlobalSection
EndGlobal
