
Microsoft Visual Studio Solution File, Format Version 12.00
# Visual Studio 15
VisualStudioVersion = 15.0.28307.645
MinimumVisualStudioVersion = 10.0.40219.1
Project("{9A19103F-16F7-4668-BE54-9A1E7A4F7556}") = "LegoBlocks", "LegoBlocks\LegoBlocks.csproj", "{423A5F6E-D1EA-4015-9703-3CF175CC61E2}"
EndProject
Project("{9A19103F-16F7-4668-BE54-9A1E7A4F7556}") = "RadioactiveBunnies", "RadioactiveBunnies\RadioactiveBunnies.csproj", "{3BB94242-36D7-4894-8E6D-12712BCCD644}"
EndProject
Project("{9A19103F-16F7-4668-BE54-9A1E7A4F7556}") = "Crossfire", "Crossfire\Crossfire.csproj", "{729CC12C-995F-4D53-9F38-95EB23FFA22C}"
EndProject
Project("{9A19103F-16F7-4668-BE54-9A1E7A4F7556}") = "TheHeiganDance", "TheHeiganDance\TheHeiganDance.csproj", "{F0657E0E-C879-4453-A00E-B6D06E238FD0}"
EndProject
Project("{9A19103F-16F7-4668-BE54-9A1E7A4F7556}") = "ParkingSystem", "ParkingSystem\ParkingSystem.csproj", "{B9DBEFE8-9AB1-4EF8-A466-A0DCF0B708D0}"
EndProject
Project("{FAE04EC0-301F-11D3-BF4B-00C04F79EFBC}") = "StringMatrixRotation", "StringMatrixRotation\StringMatrixRotation.csproj", "{CE02E68D-7936-4926-8BAB-F9C4C0553745}"
EndProject
Global
	GlobalSection(SolutionConfigurationPlatforms) = preSolution
		Debug|Any CPU = Debug|Any CPU
		Release|Any CPU = Release|Any CPU
	EndGlobalSection
	GlobalSection(ProjectConfigurationPlatforms) = postSolution
		{423A5F6E-D1EA-4015-9703-3CF175CC61E2}.Debug|Any CPU.ActiveCfg = Debug|Any CPU
		{423A5F6E-D1EA-4015-9703-3CF175CC61E2}.Debug|Any CPU.Build.0 = Debug|Any CPU
		{423A5F6E-D1EA-4015-9703-3CF175CC61E2}.Release|Any CPU.ActiveCfg = Release|Any CPU
		{423A5F6E-D1EA-4015-9703-3CF175CC61E2}.Release|Any CPU.Build.0 = Release|Any CPU
		{3BB94242-36D7-4894-8E6D-12712BCCD644}.Debug|Any CPU.ActiveCfg = Debug|Any CPU
		{3BB94242-36D7-4894-8E6D-12712BCCD644}.Debug|Any CPU.Build.0 = Debug|Any CPU
		{3BB94242-36D7-4894-8E6D-12712BCCD644}.Release|Any CPU.ActiveCfg = Release|Any CPU
		{3BB94242-36D7-4894-8E6D-12712BCCD644}.Release|Any CPU.Build.0 = Release|Any CPU
		{729CC12C-995F-4D53-9F38-95EB23FFA22C}.Debug|Any CPU.ActiveCfg = Debug|Any CPU
		{729CC12C-995F-4D53-9F38-95EB23FFA22C}.Debug|Any CPU.Build.0 = Debug|Any CPU
		{729CC12C-995F-4D53-9F38-95EB23FFA22C}.Release|Any CPU.ActiveCfg = Release|Any CPU
		{729CC12C-995F-4D53-9F38-95EB23FFA22C}.Release|Any CPU.Build.0 = Release|Any CPU
		{F0657E0E-C879-4453-A00E-B6D06E238FD0}.Debug|Any CPU.ActiveCfg = Debug|Any CPU
		{F0657E0E-C879-4453-A00E-B6D06E238FD0}.Debug|Any CPU.Build.0 = Debug|Any CPU
		{F0657E0E-C879-4453-A00E-B6D06E238FD0}.Release|Any CPU.ActiveCfg = Release|Any CPU
		{F0657E0E-C879-4453-A00E-B6D06E238FD0}.Release|Any CPU.Build.0 = Release|Any CPU
		{B9DBEFE8-9AB1-4EF8-A466-A0DCF0B708D0}.Debug|Any CPU.ActiveCfg = Debug|Any CPU
		{B9DBEFE8-9AB1-4EF8-A466-A0DCF0B708D0}.Debug|Any CPU.Build.0 = Debug|Any CPU
		{B9DBEFE8-9AB1-4EF8-A466-A0DCF0B708D0}.Release|Any CPU.ActiveCfg = Release|Any CPU
		{B9DBEFE8-9AB1-4EF8-A466-A0DCF0B708D0}.Release|Any CPU.Build.0 = Release|Any CPU
		{CE02E68D-7936-4926-8BAB-F9C4C0553745}.Debug|Any CPU.ActiveCfg = Debug|Any CPU
		{CE02E68D-7936-4926-8BAB-F9C4C0553745}.Debug|Any CPU.Build.0 = Debug|Any CPU
		{CE02E68D-7936-4926-8BAB-F9C4C0553745}.Release|Any CPU.ActiveCfg = Release|Any CPU
		{CE02E68D-7936-4926-8BAB-F9C4C0553745}.Release|Any CPU.Build.0 = Release|Any CPU
	EndGlobalSection
	GlobalSection(SolutionProperties) = preSolution
		HideSolutionNode = FALSE
	EndGlobalSection
	GlobalSection(ExtensibilityGlobals) = postSolution
		SolutionGuid = {E0E177DC-E65E-4442-9F33-F6D4DDEEA8D4}
	EndGlobalSection
EndGlobal
