
Microsoft Visual Studio Solution File, Format Version 12.00
# Visual Studio 15
VisualStudioVersion = 15.0.28010.2048
MinimumVisualStudioVersion = 10.0.40219.1
Project("{9A19103F-16F7-4668-BE54-9A1E7A4F7556}") = "ReverseNumbersWithAStack", "ReverseNumbersWithAStack\ReverseNumbersWithAStack.csproj", "{79CCF4A3-C849-4CCF-B617-7AF2B04F644E}"
EndProject
Project("{9A19103F-16F7-4668-BE54-9A1E7A4F7556}") = "BasicStackOperations", "BasicStackOperations\BasicStackOperations.csproj", "{888C575E-1D1B-4906-95D3-83F4BE8B8DE4}"
EndProject
Project("{9A19103F-16F7-4668-BE54-9A1E7A4F7556}") = "MaximumElement", "MaximumElement\MaximumElement.csproj", "{26F89745-3F9B-4806-BBF4-126ED883E3F7}"
EndProject
Project("{9A19103F-16F7-4668-BE54-9A1E7A4F7556}") = "BasicQueueOperations", "BasicQueueOperations\BasicQueueOperations.csproj", "{B1A914B5-8C3D-4752-9279-7FDDE7471D33}"
EndProject
Project("{9A19103F-16F7-4668-BE54-9A1E7A4F7556}") = "SequenceWithQueue", "SequenceWithQueue\SequenceWithQueue.csproj", "{D0CDA2D0-2BD6-4F5F-9699-687F00132848}"
EndProject
Project("{FAE04EC0-301F-11D3-BF4B-00C04F79EFBC}") = "TruckTour", "TruckTour\TruckTour.csproj", "{A847E026-493C-4A6E-85A6-734DE6B4765F}"
EndProject
Project("{FAE04EC0-301F-11D3-BF4B-00C04F79EFBC}") = "BalancedParenthesis", "BalancedParenthesis\BalancedParenthesis.csproj", "{B9F4E823-7A04-430B-92C5-1F2785439EBC}"
EndProject
Global
	GlobalSection(SolutionConfigurationPlatforms) = preSolution
		Debug|Any CPU = Debug|Any CPU
		Release|Any CPU = Release|Any CPU
	EndGlobalSection
	GlobalSection(ProjectConfigurationPlatforms) = postSolution
		{79CCF4A3-C849-4CCF-B617-7AF2B04F644E}.Debug|Any CPU.ActiveCfg = Debug|Any CPU
		{79CCF4A3-C849-4CCF-B617-7AF2B04F644E}.Debug|Any CPU.Build.0 = Debug|Any CPU
		{79CCF4A3-C849-4CCF-B617-7AF2B04F644E}.Release|Any CPU.ActiveCfg = Release|Any CPU
		{79CCF4A3-C849-4CCF-B617-7AF2B04F644E}.Release|Any CPU.Build.0 = Release|Any CPU
		{888C575E-1D1B-4906-95D3-83F4BE8B8DE4}.Debug|Any CPU.ActiveCfg = Debug|Any CPU
		{888C575E-1D1B-4906-95D3-83F4BE8B8DE4}.Debug|Any CPU.Build.0 = Debug|Any CPU
		{888C575E-1D1B-4906-95D3-83F4BE8B8DE4}.Release|Any CPU.ActiveCfg = Release|Any CPU
		{888C575E-1D1B-4906-95D3-83F4BE8B8DE4}.Release|Any CPU.Build.0 = Release|Any CPU
		{26F89745-3F9B-4806-BBF4-126ED883E3F7}.Debug|Any CPU.ActiveCfg = Debug|Any CPU
		{26F89745-3F9B-4806-BBF4-126ED883E3F7}.Debug|Any CPU.Build.0 = Debug|Any CPU
		{26F89745-3F9B-4806-BBF4-126ED883E3F7}.Release|Any CPU.ActiveCfg = Release|Any CPU
		{26F89745-3F9B-4806-BBF4-126ED883E3F7}.Release|Any CPU.Build.0 = Release|Any CPU
		{B1A914B5-8C3D-4752-9279-7FDDE7471D33}.Debug|Any CPU.ActiveCfg = Debug|Any CPU
		{B1A914B5-8C3D-4752-9279-7FDDE7471D33}.Debug|Any CPU.Build.0 = Debug|Any CPU
		{B1A914B5-8C3D-4752-9279-7FDDE7471D33}.Release|Any CPU.ActiveCfg = Release|Any CPU
		{B1A914B5-8C3D-4752-9279-7FDDE7471D33}.Release|Any CPU.Build.0 = Release|Any CPU
		{D0CDA2D0-2BD6-4F5F-9699-687F00132848}.Debug|Any CPU.ActiveCfg = Debug|Any CPU
		{D0CDA2D0-2BD6-4F5F-9699-687F00132848}.Debug|Any CPU.Build.0 = Debug|Any CPU
		{D0CDA2D0-2BD6-4F5F-9699-687F00132848}.Release|Any CPU.ActiveCfg = Release|Any CPU
		{D0CDA2D0-2BD6-4F5F-9699-687F00132848}.Release|Any CPU.Build.0 = Release|Any CPU
		{A847E026-493C-4A6E-85A6-734DE6B4765F}.Debug|Any CPU.ActiveCfg = Debug|Any CPU
		{A847E026-493C-4A6E-85A6-734DE6B4765F}.Debug|Any CPU.Build.0 = Debug|Any CPU
		{A847E026-493C-4A6E-85A6-734DE6B4765F}.Release|Any CPU.ActiveCfg = Release|Any CPU
		{A847E026-493C-4A6E-85A6-734DE6B4765F}.Release|Any CPU.Build.0 = Release|Any CPU
		{B9F4E823-7A04-430B-92C5-1F2785439EBC}.Debug|Any CPU.ActiveCfg = Debug|Any CPU
		{B9F4E823-7A04-430B-92C5-1F2785439EBC}.Debug|Any CPU.Build.0 = Debug|Any CPU
		{B9F4E823-7A04-430B-92C5-1F2785439EBC}.Release|Any CPU.ActiveCfg = Release|Any CPU
		{B9F4E823-7A04-430B-92C5-1F2785439EBC}.Release|Any CPU.Build.0 = Release|Any CPU
	EndGlobalSection
	GlobalSection(SolutionProperties) = preSolution
		HideSolutionNode = FALSE
	EndGlobalSection
	GlobalSection(ExtensibilityGlobals) = postSolution
		SolutionGuid = {D25F49C6-A7E2-4F43-BF7B-9C810D053624}
	EndGlobalSection
EndGlobal
