
Microsoft Visual Studio Solution File, Format Version 12.00
# Visual Studio 15
VisualStudioVersion = 15.0.28010.2048
MinimumVisualStudioVersion = 10.0.40219.1
Project("{FAE04EC0-301F-11D3-BF4B-00C04F79EFBC}") = "ReverseNumbersWithAStack", "ReverseNumbersWithAStack\ReverseNumbersWithAStack.csproj", "{79CCF4A3-C849-4CCF-B617-7AF2B04F644E}"
EndProject
Global
	GlobalSection(SolutionConfigurationPlatforms) = preSolution
		Debug|Any CPU = Debug|Any CPU
		Release|Any CPU = Release|Any CPU
	EndGlobalSection
	GlobalSection(ProjectConfigurationPlatforms) = postSolution
		{79CCF4A3-C849-4CCF-B617-7AF2B04F644E}.Debug|Any CPU.ActiveCfg = Debug|Any CPU
		{79CCF4A3-C849-4CCF-B617-7AF2B04F644E}.Debug|Any CPU.Build.0 = Debug|Any CPU
		{79CCF4A3-C849-4CCF-B617-7AF2B04F644E}.Release|Any CPU.ActiveCfg = Release|Any CPU
		{79CCF4A3-C849-4CCF-B617-7AF2B04F644E}.Release|Any CPU.Build.0 = Release|Any CPU
	EndGlobalSection
	GlobalSection(SolutionProperties) = preSolution
		HideSolutionNode = FALSE
	EndGlobalSection
	GlobalSection(ExtensibilityGlobals) = postSolution
		SolutionGuid = {D25F49C6-A7E2-4F43-BF7B-9C810D053624}
	EndGlobalSection
EndGlobal
