
Microsoft Visual Studio Solution File, Format Version 12.00
# Visual Studio 15
VisualStudioVersion = 15.0.28307.645
MinimumVisualStudioVersion = 10.0.40219.1
Project("{9A19103F-16F7-4668-BE54-9A1E7A4F7556}") = "MatrixOfPalindromes", "MatrixOfPalindromes\MatrixOfPalindromes.csproj", "{91622BA7-AA84-4184-A25C-7B4A8AA550A1}"
EndProject
Project("{FAE04EC0-301F-11D3-BF4B-00C04F79EFBC}") = "DiagonalDifference", "DiagonalDifference\DiagonalDifference.csproj", "{53584AD6-A5E9-49A2-8C81-C4B237A3B17A}"
EndProject
Project("{FAE04EC0-301F-11D3-BF4B-00C04F79EFBC}") = "SquaresInMatrix", "SquaresInMatrix\SquaresInMatrix.csproj", "{122A7801-DB31-4792-9A4A-EF517ACCB54C}"
EndProject
Project("{FAE04EC0-301F-11D3-BF4B-00C04F79EFBC}") = "MaximalSum", "MaximalSum\MaximalSum.csproj", "{C170746E-E318-49B3-9647-06A7CC5FD1BD}"
EndProject
Global
	GlobalSection(SolutionConfigurationPlatforms) = preSolution
		Debug|Any CPU = Debug|Any CPU
		Release|Any CPU = Release|Any CPU
	EndGlobalSection
	GlobalSection(ProjectConfigurationPlatforms) = postSolution
		{91622BA7-AA84-4184-A25C-7B4A8AA550A1}.Debug|Any CPU.ActiveCfg = Debug|Any CPU
		{91622BA7-AA84-4184-A25C-7B4A8AA550A1}.Debug|Any CPU.Build.0 = Debug|Any CPU
		{91622BA7-AA84-4184-A25C-7B4A8AA550A1}.Release|Any CPU.ActiveCfg = Release|Any CPU
		{91622BA7-AA84-4184-A25C-7B4A8AA550A1}.Release|Any CPU.Build.0 = Release|Any CPU
		{53584AD6-A5E9-49A2-8C81-C4B237A3B17A}.Debug|Any CPU.ActiveCfg = Debug|Any CPU
		{53584AD6-A5E9-49A2-8C81-C4B237A3B17A}.Debug|Any CPU.Build.0 = Debug|Any CPU
		{53584AD6-A5E9-49A2-8C81-C4B237A3B17A}.Release|Any CPU.ActiveCfg = Release|Any CPU
		{53584AD6-A5E9-49A2-8C81-C4B237A3B17A}.Release|Any CPU.Build.0 = Release|Any CPU
		{122A7801-DB31-4792-9A4A-EF517ACCB54C}.Debug|Any CPU.ActiveCfg = Debug|Any CPU
		{122A7801-DB31-4792-9A4A-EF517ACCB54C}.Debug|Any CPU.Build.0 = Debug|Any CPU
		{122A7801-DB31-4792-9A4A-EF517ACCB54C}.Release|Any CPU.ActiveCfg = Release|Any CPU
		{122A7801-DB31-4792-9A4A-EF517ACCB54C}.Release|Any CPU.Build.0 = Release|Any CPU
		{C170746E-E318-49B3-9647-06A7CC5FD1BD}.Debug|Any CPU.ActiveCfg = Debug|Any CPU
		{C170746E-E318-49B3-9647-06A7CC5FD1BD}.Debug|Any CPU.Build.0 = Debug|Any CPU
		{C170746E-E318-49B3-9647-06A7CC5FD1BD}.Release|Any CPU.ActiveCfg = Release|Any CPU
		{C170746E-E318-49B3-9647-06A7CC5FD1BD}.Release|Any CPU.Build.0 = Release|Any CPU
	EndGlobalSection
	GlobalSection(SolutionProperties) = preSolution
		HideSolutionNode = FALSE
	EndGlobalSection
	GlobalSection(ExtensibilityGlobals) = postSolution
		SolutionGuid = {EACECA5E-4475-446F-8B85-871E724064C9}
	EndGlobalSection
EndGlobal
