
Microsoft Visual Studio Solution File, Format Version 12.00
# Visual Studio 15
VisualStudioVersion = 15.0.28307.757
MinimumVisualStudioVersion = 10.0.40219.1
Project("{9A19103F-16F7-4668-BE54-9A1E7A4F7556}") = "ActionPrint", "ActionPoint\ActionPrint.csproj", "{1C8D7E39-FB81-49CB-9131-AA34F9A15521}"
EndProject
Project("{9A19103F-16F7-4668-BE54-9A1E7A4F7556}") = "KnightsOfHonor", "KnightsOfHonor\KnightsOfHonor.csproj", "{78F5DF75-6391-4426-8E14-ED309F2799D6}"
EndProject
Project("{9A19103F-16F7-4668-BE54-9A1E7A4F7556}") = "CustomMinFunction", "CustomMinFunction\CustomMinFunction.csproj", "{0C96292A-48A3-4EEE-9869-81B27233BBA0}"
EndProject
Project("{9A19103F-16F7-4668-BE54-9A1E7A4F7556}") = "FindEvensOrOdds", "FindEvensOrOdds\FindEvensOrOdds.csproj", "{CC409ECC-8B50-481D-89FF-52CB5CC3EC9C}"
EndProject
Project("{9A19103F-16F7-4668-BE54-9A1E7A4F7556}") = "AppliedArithmetics", "AppliedArithmetics\AppliedArithmetics.csproj", "{719B3064-8E97-47C6-AB40-E8EEE5D4F5EA}"
EndProject
Project("{9A19103F-16F7-4668-BE54-9A1E7A4F7556}") = "ReverseAndExclude", "ReverseAndExclude\ReverseAndExclude.csproj", "{B59DB9DB-E067-4149-A311-486185C029EF}"
EndProject
Project("{9A19103F-16F7-4668-BE54-9A1E7A4F7556}") = "PredicateForNames", "PredicateForNames\PredicateForNames.csproj", "{39FDB91C-D22B-45F7-A1F1-0A9871420AB3}"
EndProject
Project("{9A19103F-16F7-4668-BE54-9A1E7A4F7556}") = "CustomComparator", "CustomComparator\CustomComparator.csproj", "{A000DB30-4961-430E-967E-02CBEDCCA5C4}"
EndProject
Project("{9A19103F-16F7-4668-BE54-9A1E7A4F7556}") = "ListOfPredicates", "ListOfPredicates\ListOfPredicates.csproj", "{E092BCFB-E08A-446C-B8F3-5FE9B31D7B5C}"
EndProject
Project("{9A19103F-16F7-4668-BE54-9A1E7A4F7556}") = "Predicate Party", "Predicate Party\Predicate Party.csproj", "{FCBADB11-C4EE-46EA-AC3E-8CA0FAA2B324}"
EndProject
Project("{9A19103F-16F7-4668-BE54-9A1E7A4F7556}") = "ThePartyReservationFilterModule", "ThePartyReservationFilterModule\ThePartyReservationFilterModule.csproj", "{29CE23D3-39C3-4117-BF12-2DA285760732}"
EndProject
Project("{9A19103F-16F7-4668-BE54-9A1E7A4F7556}") = "InfernoIII", "InfernoIII\InfernoIII.csproj", "{534492BE-0633-455A-B2FD-9B1115B17EAC}"
EndProject
Project("{FAE04EC0-301F-11D3-BF4B-00C04F79EFBC}") = "InfernoIII_Variant", "InfernoIII_Variant\InfernoIII_Variant.csproj", "{E118E10B-3BF9-48E9-BCAE-3F565EC1AEEC}"
EndProject
Project("{FAE04EC0-301F-11D3-BF4B-00C04F79EFBC}") = "TriFunction", "TriFunction\TriFunction.csproj", "{BE9F9E8A-F3C8-4146-915E-98C577C3FBCF}"
EndProject
Global
	GlobalSection(SolutionConfigurationPlatforms) = preSolution
		Debug|Any CPU = Debug|Any CPU
		Release|Any CPU = Release|Any CPU
	EndGlobalSection
	GlobalSection(ProjectConfigurationPlatforms) = postSolution
		{1C8D7E39-FB81-49CB-9131-AA34F9A15521}.Debug|Any CPU.ActiveCfg = Debug|Any CPU
		{1C8D7E39-FB81-49CB-9131-AA34F9A15521}.Debug|Any CPU.Build.0 = Debug|Any CPU
		{1C8D7E39-FB81-49CB-9131-AA34F9A15521}.Release|Any CPU.ActiveCfg = Release|Any CPU
		{1C8D7E39-FB81-49CB-9131-AA34F9A15521}.Release|Any CPU.Build.0 = Release|Any CPU
		{78F5DF75-6391-4426-8E14-ED309F2799D6}.Debug|Any CPU.ActiveCfg = Debug|Any CPU
		{78F5DF75-6391-4426-8E14-ED309F2799D6}.Debug|Any CPU.Build.0 = Debug|Any CPU
		{78F5DF75-6391-4426-8E14-ED309F2799D6}.Release|Any CPU.ActiveCfg = Release|Any CPU
		{78F5DF75-6391-4426-8E14-ED309F2799D6}.Release|Any CPU.Build.0 = Release|Any CPU
		{0C96292A-48A3-4EEE-9869-81B27233BBA0}.Debug|Any CPU.ActiveCfg = Debug|Any CPU
		{0C96292A-48A3-4EEE-9869-81B27233BBA0}.Debug|Any CPU.Build.0 = Debug|Any CPU
		{0C96292A-48A3-4EEE-9869-81B27233BBA0}.Release|Any CPU.ActiveCfg = Release|Any CPU
		{0C96292A-48A3-4EEE-9869-81B27233BBA0}.Release|Any CPU.Build.0 = Release|Any CPU
		{CC409ECC-8B50-481D-89FF-52CB5CC3EC9C}.Debug|Any CPU.ActiveCfg = Debug|Any CPU
		{CC409ECC-8B50-481D-89FF-52CB5CC3EC9C}.Debug|Any CPU.Build.0 = Debug|Any CPU
		{CC409ECC-8B50-481D-89FF-52CB5CC3EC9C}.Release|Any CPU.ActiveCfg = Release|Any CPU
		{CC409ECC-8B50-481D-89FF-52CB5CC3EC9C}.Release|Any CPU.Build.0 = Release|Any CPU
		{719B3064-8E97-47C6-AB40-E8EEE5D4F5EA}.Debug|Any CPU.ActiveCfg = Debug|Any CPU
		{719B3064-8E97-47C6-AB40-E8EEE5D4F5EA}.Debug|Any CPU.Build.0 = Debug|Any CPU
		{719B3064-8E97-47C6-AB40-E8EEE5D4F5EA}.Release|Any CPU.ActiveCfg = Release|Any CPU
		{719B3064-8E97-47C6-AB40-E8EEE5D4F5EA}.Release|Any CPU.Build.0 = Release|Any CPU
		{B59DB9DB-E067-4149-A311-486185C029EF}.Debug|Any CPU.ActiveCfg = Debug|Any CPU
		{B59DB9DB-E067-4149-A311-486185C029EF}.Debug|Any CPU.Build.0 = Debug|Any CPU
		{B59DB9DB-E067-4149-A311-486185C029EF}.Release|Any CPU.ActiveCfg = Release|Any CPU
		{B59DB9DB-E067-4149-A311-486185C029EF}.Release|Any CPU.Build.0 = Release|Any CPU
		{39FDB91C-D22B-45F7-A1F1-0A9871420AB3}.Debug|Any CPU.ActiveCfg = Debug|Any CPU
		{39FDB91C-D22B-45F7-A1F1-0A9871420AB3}.Debug|Any CPU.Build.0 = Debug|Any CPU
		{39FDB91C-D22B-45F7-A1F1-0A9871420AB3}.Release|Any CPU.ActiveCfg = Release|Any CPU
		{39FDB91C-D22B-45F7-A1F1-0A9871420AB3}.Release|Any CPU.Build.0 = Release|Any CPU
		{A000DB30-4961-430E-967E-02CBEDCCA5C4}.Debug|Any CPU.ActiveCfg = Debug|Any CPU
		{A000DB30-4961-430E-967E-02CBEDCCA5C4}.Debug|Any CPU.Build.0 = Debug|Any CPU
		{A000DB30-4961-430E-967E-02CBEDCCA5C4}.Release|Any CPU.ActiveCfg = Release|Any CPU
		{A000DB30-4961-430E-967E-02CBEDCCA5C4}.Release|Any CPU.Build.0 = Release|Any CPU
		{E092BCFB-E08A-446C-B8F3-5FE9B31D7B5C}.Debug|Any CPU.ActiveCfg = Debug|Any CPU
		{E092BCFB-E08A-446C-B8F3-5FE9B31D7B5C}.Debug|Any CPU.Build.0 = Debug|Any CPU
		{E092BCFB-E08A-446C-B8F3-5FE9B31D7B5C}.Release|Any CPU.ActiveCfg = Release|Any CPU
		{E092BCFB-E08A-446C-B8F3-5FE9B31D7B5C}.Release|Any CPU.Build.0 = Release|Any CPU
		{FCBADB11-C4EE-46EA-AC3E-8CA0FAA2B324}.Debug|Any CPU.ActiveCfg = Debug|Any CPU
		{FCBADB11-C4EE-46EA-AC3E-8CA0FAA2B324}.Debug|Any CPU.Build.0 = Debug|Any CPU
		{FCBADB11-C4EE-46EA-AC3E-8CA0FAA2B324}.Release|Any CPU.ActiveCfg = Release|Any CPU
		{FCBADB11-C4EE-46EA-AC3E-8CA0FAA2B324}.Release|Any CPU.Build.0 = Release|Any CPU
		{29CE23D3-39C3-4117-BF12-2DA285760732}.Debug|Any CPU.ActiveCfg = Debug|Any CPU
		{29CE23D3-39C3-4117-BF12-2DA285760732}.Debug|Any CPU.Build.0 = Debug|Any CPU
		{29CE23D3-39C3-4117-BF12-2DA285760732}.Release|Any CPU.ActiveCfg = Release|Any CPU
		{29CE23D3-39C3-4117-BF12-2DA285760732}.Release|Any CPU.Build.0 = Release|Any CPU
		{534492BE-0633-455A-B2FD-9B1115B17EAC}.Debug|Any CPU.ActiveCfg = Debug|Any CPU
		{534492BE-0633-455A-B2FD-9B1115B17EAC}.Debug|Any CPU.Build.0 = Debug|Any CPU
		{534492BE-0633-455A-B2FD-9B1115B17EAC}.Release|Any CPU.ActiveCfg = Release|Any CPU
		{534492BE-0633-455A-B2FD-9B1115B17EAC}.Release|Any CPU.Build.0 = Release|Any CPU
		{E118E10B-3BF9-48E9-BCAE-3F565EC1AEEC}.Debug|Any CPU.ActiveCfg = Debug|Any CPU
		{E118E10B-3BF9-48E9-BCAE-3F565EC1AEEC}.Debug|Any CPU.Build.0 = Debug|Any CPU
		{E118E10B-3BF9-48E9-BCAE-3F565EC1AEEC}.Release|Any CPU.ActiveCfg = Release|Any CPU
		{E118E10B-3BF9-48E9-BCAE-3F565EC1AEEC}.Release|Any CPU.Build.0 = Release|Any CPU
		{BE9F9E8A-F3C8-4146-915E-98C577C3FBCF}.Debug|Any CPU.ActiveCfg = Debug|Any CPU
		{BE9F9E8A-F3C8-4146-915E-98C577C3FBCF}.Debug|Any CPU.Build.0 = Debug|Any CPU
		{BE9F9E8A-F3C8-4146-915E-98C577C3FBCF}.Release|Any CPU.ActiveCfg = Release|Any CPU
		{BE9F9E8A-F3C8-4146-915E-98C577C3FBCF}.Release|Any CPU.Build.0 = Release|Any CPU
	EndGlobalSection
	GlobalSection(SolutionProperties) = preSolution
		HideSolutionNode = FALSE
	EndGlobalSection
	GlobalSection(ExtensibilityGlobals) = postSolution
		SolutionGuid = {63516098-A461-42AB-AA8F-4AAA4D9DDA04}
	EndGlobalSection
EndGlobal
