
Microsoft Visual Studio Solution File, Format Version 12.00
# Visual Studio 15
VisualStudioVersion = 15.0.28307.645
MinimumVisualStudioVersion = 10.0.40219.1
Project("{9A19103F-16F7-4668-BE54-9A1E7A4F7556}") = "CountSameValuesInArray", "CountSameValuesInArray\CountSameValuesInArray.csproj", "{AFC7D604-C6CE-4148-BE76-DE64DC4FC6DE}"
EndProject
Project("{9A19103F-16F7-4668-BE54-9A1E7A4F7556}") = "AverageStudentGrades", "AverageStudentGrades\AverageStudentGrades.csproj", "{542EB132-43F5-4DD0-93B5-1C56594B4C72}"
EndProject
Project("{9A19103F-16F7-4668-BE54-9A1E7A4F7556}") = "ProductShop", "ProductShop\ProductShop.csproj", "{CB43E561-B965-40D3-8B1D-516EFD2AE684}"
EndProject
Project("{FAE04EC0-301F-11D3-BF4B-00C04F79EFBC}") = "CitiesByContinentAndCountry", "CitiesByContinentAndCountry\CitiesByContinentAndCountry.csproj", "{4A469F6D-C52E-4B1B-821F-9B5745CF66F3}"
EndProject
Project("{FAE04EC0-301F-11D3-BF4B-00C04F79EFBC}") = "RecordUniqueNames", "RecordUniqueNames\RecordUniqueNames.csproj", "{314779C1-AF74-4AA2-9DEA-C10EEFA179DA}"
EndProject
Project("{FAE04EC0-301F-11D3-BF4B-00C04F79EFBC}") = "ParkingLot", "ParkingLot\ParkingLot.csproj", "{E31BD6B4-CB50-42CA-AC66-32210D4D62CD}"
EndProject
Global
	GlobalSection(SolutionConfigurationPlatforms) = preSolution
		Debug|Any CPU = Debug|Any CPU
		Release|Any CPU = Release|Any CPU
	EndGlobalSection
	GlobalSection(ProjectConfigurationPlatforms) = postSolution
		{AFC7D604-C6CE-4148-BE76-DE64DC4FC6DE}.Debug|Any CPU.ActiveCfg = Debug|Any CPU
		{AFC7D604-C6CE-4148-BE76-DE64DC4FC6DE}.Debug|Any CPU.Build.0 = Debug|Any CPU
		{AFC7D604-C6CE-4148-BE76-DE64DC4FC6DE}.Release|Any CPU.ActiveCfg = Release|Any CPU
		{AFC7D604-C6CE-4148-BE76-DE64DC4FC6DE}.Release|Any CPU.Build.0 = Release|Any CPU
		{542EB132-43F5-4DD0-93B5-1C56594B4C72}.Debug|Any CPU.ActiveCfg = Debug|Any CPU
		{542EB132-43F5-4DD0-93B5-1C56594B4C72}.Debug|Any CPU.Build.0 = Debug|Any CPU
		{542EB132-43F5-4DD0-93B5-1C56594B4C72}.Release|Any CPU.ActiveCfg = Release|Any CPU
		{542EB132-43F5-4DD0-93B5-1C56594B4C72}.Release|Any CPU.Build.0 = Release|Any CPU
		{CB43E561-B965-40D3-8B1D-516EFD2AE684}.Debug|Any CPU.ActiveCfg = Debug|Any CPU
		{CB43E561-B965-40D3-8B1D-516EFD2AE684}.Debug|Any CPU.Build.0 = Debug|Any CPU
		{CB43E561-B965-40D3-8B1D-516EFD2AE684}.Release|Any CPU.ActiveCfg = Release|Any CPU
		{CB43E561-B965-40D3-8B1D-516EFD2AE684}.Release|Any CPU.Build.0 = Release|Any CPU
		{4A469F6D-C52E-4B1B-821F-9B5745CF66F3}.Debug|Any CPU.ActiveCfg = Debug|Any CPU
		{4A469F6D-C52E-4B1B-821F-9B5745CF66F3}.Debug|Any CPU.Build.0 = Debug|Any CPU
		{4A469F6D-C52E-4B1B-821F-9B5745CF66F3}.Release|Any CPU.ActiveCfg = Release|Any CPU
		{4A469F6D-C52E-4B1B-821F-9B5745CF66F3}.Release|Any CPU.Build.0 = Release|Any CPU
		{314779C1-AF74-4AA2-9DEA-C10EEFA179DA}.Debug|Any CPU.ActiveCfg = Debug|Any CPU
		{314779C1-AF74-4AA2-9DEA-C10EEFA179DA}.Debug|Any CPU.Build.0 = Debug|Any CPU
		{314779C1-AF74-4AA2-9DEA-C10EEFA179DA}.Release|Any CPU.ActiveCfg = Release|Any CPU
		{314779C1-AF74-4AA2-9DEA-C10EEFA179DA}.Release|Any CPU.Build.0 = Release|Any CPU
		{E31BD6B4-CB50-42CA-AC66-32210D4D62CD}.Debug|Any CPU.ActiveCfg = Debug|Any CPU
		{E31BD6B4-CB50-42CA-AC66-32210D4D62CD}.Debug|Any CPU.Build.0 = Debug|Any CPU
		{E31BD6B4-CB50-42CA-AC66-32210D4D62CD}.Release|Any CPU.ActiveCfg = Release|Any CPU
		{E31BD6B4-CB50-42CA-AC66-32210D4D62CD}.Release|Any CPU.Build.0 = Release|Any CPU
	EndGlobalSection
	GlobalSection(SolutionProperties) = preSolution
		HideSolutionNode = FALSE
	EndGlobalSection
	GlobalSection(ExtensibilityGlobals) = postSolution
		SolutionGuid = {4CE969F4-423A-4086-BA62-0F938867511A}
	EndGlobalSection
EndGlobal
