
Microsoft Visual Studio Solution File, Format Version 12.00
# Visual Studio 15
VisualStudioVersion = 15.0.28307.757
MinimumVisualStudioVersion = 10.0.40219.1
Project("{FAE04EC0-301F-11D3-BF4B-00C04F79EFBC}") = "Regeh", "Regeh\Regeh.csproj", "{E0BFDD2B-1E48-4CED-B63D-850320802BFE}"
EndProject
Global
	GlobalSection(SolutionConfigurationPlatforms) = preSolution
		Debug|Any CPU = Debug|Any CPU
		Release|Any CPU = Release|Any CPU
	EndGlobalSection
	GlobalSection(ProjectConfigurationPlatforms) = postSolution
		{E0BFDD2B-1E48-4CED-B63D-850320802BFE}.Debug|Any CPU.ActiveCfg = Debug|Any CPU
		{E0BFDD2B-1E48-4CED-B63D-850320802BFE}.Debug|Any CPU.Build.0 = Debug|Any CPU
		{E0BFDD2B-1E48-4CED-B63D-850320802BFE}.Release|Any CPU.ActiveCfg = Release|Any CPU
		{E0BFDD2B-1E48-4CED-B63D-850320802BFE}.Release|Any CPU.Build.0 = Release|Any CPU
	EndGlobalSection
	GlobalSection(SolutionProperties) = preSolution
		HideSolutionNode = FALSE
	EndGlobalSection
	GlobalSection(ExtensibilityGlobals) = postSolution
		SolutionGuid = {72C85FD9-C6AE-4E72-BD8F-89F806177100}
	EndGlobalSection
EndGlobal
